
Microsoft Visual Studio Solution File, Format Version 12.00
# Visual Studio Version 16
VisualStudioVersion = 16.0.30503.244
MinimumVisualStudioVersion = 10.0.40219.1
Project("{FAE04EC0-301F-11D3-BF4B-00C04F79EFBC}") = "CES_XCP_Console", "CES_XCP_Console\CES_XCP_Console.csproj", "{77F78AB0-F1D5-4BFA-9CD4-A1202F151AF5}"
EndProject
Global
	GlobalSection(SolutionConfigurationPlatforms) = preSolution
		Debug|Any CPU = Debug|Any CPU
		Release|Any CPU = Release|Any CPU
	EndGlobalSection
	GlobalSection(ProjectConfigurationPlatforms) = postSolution
		{77F78AB0-F1D5-4BFA-9CD4-A1202F151AF5}.Debug|Any CPU.ActiveCfg = Debug|Any CPU
		{77F78AB0-F1D5-4BFA-9CD4-A1202F151AF5}.Debug|Any CPU.Build.0 = Debug|Any CPU
		{77F78AB0-F1D5-4BFA-9CD4-A1202F151AF5}.Release|Any CPU.ActiveCfg = Release|Any CPU
		{77F78AB0-F1D5-4BFA-9CD4-A1202F151AF5}.Release|Any CPU.Build.0 = Release|Any CPU
	EndGlobalSection
	GlobalSection(SolutionProperties) = preSolution
		HideSolutionNode = FALSE
	EndGlobalSection
	GlobalSection(ExtensibilityGlobals) = postSolution
		SolutionGuid = {3600D372-5E6A-4613-8DCD-BE3534728EBF}
	EndGlobalSection
EndGlobal
